// !$*UTF8*$!
{
	archiveVersion = 1;
	classes = {
	};
	objectVersion = 56;
	objects = {

/* Begin PBXBuildFile section */
		CA06B2272AB872BA00812D95 /* KnockApp.swift in Sources */ = {isa = PBXBuildFile; fileRef = CA06B2262AB872BA00812D95 /* KnockApp.swift */; };
		CA06B22B2AB872BC00812D95 /* Assets.xcassets in Resources */ = {isa = PBXBuildFile; fileRef = CA06B22A2AB872BC00812D95 /* Assets.xcassets */; };
		CA06B22E2AB872BC00812D95 /* Preview Assets.xcassets in Resources */ = {isa = PBXBuildFile; fileRef = CA06B22D2AB872BC00812D95 /* Preview Assets.xcassets */; };
		CA06B2352AB8756600812D95 /* Knock001.swift in Sources */ = {isa = PBXBuildFile; fileRef = CA06B2342AB8756600812D95 /* Knock001.swift */; };
		CA06B2372AB880B800812D95 /* Knock002.swift in Sources */ = {isa = PBXBuildFile; fileRef = CA06B2362AB880B800812D95 /* Knock002.swift */; };
		CA06B2392AB8853200812D95 /* Knock003.swift in Sources */ = {isa = PBXBuildFile; fileRef = CA06B2382AB8853200812D95 /* Knock003.swift */; };
		CA06B23B2AB9E84400812D95 /* Knock004.swift in Sources */ = {isa = PBXBuildFile; fileRef = CA06B23A2AB9E84400812D95 /* Knock004.swift */; };
		CA219EE02AF5C32900A9C947 /* Knock022.swift in Sources */ = {isa = PBXBuildFile; fileRef = CA219EDF2AF5C32900A9C947 /* Knock022.swift */; };
		CA39F0E82AC1B896005FBB7B /* Knock005.swift in Sources */ = {isa = PBXBuildFile; fileRef = CA39F0E72AC1B896005FBB7B /* Knock005.swift */; };
		CA39F0EA2AC1BB34005FBB7B /* Knock006.swift in Sources */ = {isa = PBXBuildFile; fileRef = CA39F0E92AC1BB34005FBB7B /* Knock006.swift */; };
		CA546C1E2AF1388200FFD271 /* Knock013.swift in Sources */ = {isa = PBXBuildFile; fileRef = CA546C1D2AF1388200FFD271 /* Knock013.swift */; };
		CA546C202AF1397300FFD271 /* Knock014.swift in Sources */ = {isa = PBXBuildFile; fileRef = CA546C1F2AF1397300FFD271 /* Knock014.swift */; };
		CA546C222AF13B9000FFD271 /* Knock015.swift in Sources */ = {isa = PBXBuildFile; fileRef = CA546C212AF13B9000FFD271 /* Knock015.swift */; };
		CA546C242AF13D6A00FFD271 /* Knock016.swift in Sources */ = {isa = PBXBuildFile; fileRef = CA546C232AF13D6A00FFD271 /* Knock016.swift */; };
		CA546C262AF13EB500FFD271 /* Knock017.swift in Sources */ = {isa = PBXBuildFile; fileRef = CA546C252AF13EB500FFD271 /* Knock017.swift */; };
		CA546C282AF13F9500FFD271 /* Knock018.swift in Sources */ = {isa = PBXBuildFile; fileRef = CA546C272AF13F9500FFD271 /* Knock018.swift */; };
		CA7A25272ADC205900EC23C0 /* Knock011.swift in Sources */ = {isa = PBXBuildFile; fileRef = CA7A25262ADC205900EC23C0 /* Knock011.swift */; };
		CA8ACBDE2ACC47E400C8C8CD /* Knock007.swift in Sources */ = {isa = PBXBuildFile; fileRef = CA8ACBDD2ACC47E400C8C8CD /* Knock007.swift */; };
		CA8ACBE02ACC4F1D00C8C8CD /* Knock008.swift in Sources */ = {isa = PBXBuildFile; fileRef = CA8ACBDF2ACC4F1D00C8C8CD /* Knock008.swift */; };
		CA8ACBE22ACEFC9A00C8C8CD /* Knock009.swift in Sources */ = {isa = PBXBuildFile; fileRef = CA8ACBE12ACEFC9A00C8C8CD /* Knock009.swift */; };
		CA8ACBE42ACEFE8600C8C8CD /* Knock010.swift in Sources */ = {isa = PBXBuildFile; fileRef = CA8ACBE32ACEFE8600C8C8CD /* Knock010.swift */; };
		CAC340842AF3DF580044C6DA /* Knock019.swift in Sources */ = {isa = PBXBuildFile; fileRef = CAC340832AF3DF580044C6DA /* Knock019.swift */; };
		CAC340862AF51E3D0044C6DA /* Knock020.swift in Sources */ = {isa = PBXBuildFile; fileRef = CAC340852AF51E3D0044C6DA /* Knock020.swift */; };
		CAC340882AF521F40044C6DA /* Knock021.swift in Sources */ = {isa = PBXBuildFile; fileRef = CAC340872AF521F40044C6DA /* Knock021.swift */; };
		CACD354F2AE163AA00517924 /* Knock012.swift in Sources */ = {isa = PBXBuildFile; fileRef = CACD354E2AE163AA00517924 /* Knock012.swift */; };
/* End PBXBuildFile section */

/* Begin PBXFileReference section */
		CA06B2232AB872BA00812D95 /* Knock.app */ = {isa = PBXFileReference; explicitFileType = wrapper.application; includeInIndex = 0; path = Knock.app; sourceTree = BUILT_PRODUCTS_DIR; };
		CA06B2262AB872BA00812D95 /* KnockApp.swift */ = {isa = PBXFileReference; lastKnownFileType = sourcecode.swift; path = KnockApp.swift; sourceTree = "<group>"; };
		CA06B22A2AB872BC00812D95 /* Assets.xcassets */ = {isa = PBXFileReference; lastKnownFileType = folder.assetcatalog; path = Assets.xcassets; sourceTree = "<group>"; };
		CA06B22D2AB872BC00812D95 /* Preview Assets.xcassets */ = {isa = PBXFileReference; lastKnownFileType = folder.assetcatalog; path = "Preview Assets.xcassets"; sourceTree = "<group>"; };
		CA06B2342AB8756600812D95 /* Knock001.swift */ = {isa = PBXFileReference; lastKnownFileType = sourcecode.swift; path = Knock001.swift; sourceTree = "<group>"; };
		CA06B2362AB880B800812D95 /* Knock002.swift */ = {isa = PBXFileReference; lastKnownFileType = sourcecode.swift; path = Knock002.swift; sourceTree = "<group>"; };
		CA06B2382AB8853200812D95 /* Knock003.swift */ = {isa = PBXFileReference; lastKnownFileType = sourcecode.swift; path = Knock003.swift; sourceTree = "<group>"; };
		CA06B23A2AB9E84400812D95 /* Knock004.swift */ = {isa = PBXFileReference; lastKnownFileType = sourcecode.swift; path = Knock004.swift; sourceTree = "<group>"; };
		CA219EDF2AF5C32900A9C947 /* Knock022.swift */ = {isa = PBXFileReference; lastKnownFileType = sourcecode.swift; path = Knock022.swift; sourceTree = "<group>"; };
		CA39F0E72AC1B896005FBB7B /* Knock005.swift */ = {isa = PBXFileReference; lastKnownFileType = sourcecode.swift; path = Knock005.swift; sourceTree = "<group>"; };
		CA39F0E92AC1BB34005FBB7B /* Knock006.swift */ = {isa = PBXFileReference; lastKnownFileType = sourcecode.swift; path = Knock006.swift; sourceTree = "<group>"; };
		CA546C1D2AF1388200FFD271 /* Knock013.swift */ = {isa = PBXFileReference; lastKnownFileType = sourcecode.swift; path = Knock013.swift; sourceTree = "<group>"; };
		CA546C1F2AF1397300FFD271 /* Knock014.swift */ = {isa = PBXFileReference; lastKnownFileType = sourcecode.swift; path = Knock014.swift; sourceTree = "<group>"; };
		CA546C212AF13B9000FFD271 /* Knock015.swift */ = {isa = PBXFileReference; lastKnownFileType = sourcecode.swift; path = Knock015.swift; sourceTree = "<group>"; };
		CA546C232AF13D6A00FFD271 /* Knock016.swift */ = {isa = PBXFileReference; lastKnownFileType = sourcecode.swift; path = Knock016.swift; sourceTree = "<group>"; };
		CA546C252AF13EB500FFD271 /* Knock017.swift */ = {isa = PBXFileReference; lastKnownFileType = sourcecode.swift; path = Knock017.swift; sourceTree = "<group>"; };
		CA546C272AF13F9500FFD271 /* Knock018.swift */ = {isa = PBXFileReference; lastKnownFileType = sourcecode.swift; path = Knock018.swift; sourceTree = "<group>"; };
		CA7A25262ADC205900EC23C0 /* Knock011.swift */ = {isa = PBXFileReference; lastKnownFileType = sourcecode.swift; path = Knock011.swift; sourceTree = "<group>"; };
		CA8ACBDD2ACC47E400C8C8CD /* Knock007.swift */ = {isa = PBXFileReference; lastKnownFileType = sourcecode.swift; path = Knock007.swift; sourceTree = "<group>"; };
		CA8ACBDF2ACC4F1D00C8C8CD /* Knock008.swift */ = {isa = PBXFileReference; lastKnownFileType = sourcecode.swift; path = Knock008.swift; sourceTree = "<group>"; };
		CA8ACBE12ACEFC9A00C8C8CD /* Knock009.swift */ = {isa = PBXFileReference; lastKnownFileType = sourcecode.swift; path = Knock009.swift; sourceTree = "<group>"; };
		CA8ACBE32ACEFE8600C8C8CD /* Knock010.swift */ = {isa = PBXFileReference; lastKnownFileType = sourcecode.swift; path = Knock010.swift; sourceTree = "<group>"; };
		CAC340832AF3DF580044C6DA /* Knock019.swift */ = {isa = PBXFileReference; lastKnownFileType = sourcecode.swift; path = Knock019.swift; sourceTree = "<group>"; };
		CAC340852AF51E3D0044C6DA /* Knock020.swift */ = {isa = PBXFileReference; lastKnownFileType = sourcecode.swift; path = Knock020.swift; sourceTree = "<group>"; };
		CAC340872AF521F40044C6DA /* Knock021.swift */ = {isa = PBXFileReference; lastKnownFileType = sourcecode.swift; path = Knock021.swift; sourceTree = "<group>"; };
		CACD354E2AE163AA00517924 /* Knock012.swift */ = {isa = PBXFileReference; lastKnownFileType = sourcecode.swift; path = Knock012.swift; sourceTree = "<group>"; };
/* End PBXFileReference section */

/* Begin PBXFrameworksBuildPhase section */
		CA06B2202AB872BA00812D95 /* Frameworks */ = {
			isa = PBXFrameworksBuildPhase;
			buildActionMask = 2147483647;
			files = (
			);
			runOnlyForDeploymentPostprocessing = 0;
		};
/* End PBXFrameworksBuildPhase section */

/* Begin PBXGroup section */
		CA06B21A2AB872BA00812D95 = {
			isa = PBXGroup;
			children = (
				CA06B2252AB872BA00812D95 /* Knock */,
				CA06B2242AB872BA00812D95 /* Products */,
			);
			sourceTree = "<group>";
		};
		CA06B2242AB872BA00812D95 /* Products */ = {
			isa = PBXGroup;
			children = (
				CA06B2232AB872BA00812D95 /* Knock.app */,
			);
			name = Products;
			sourceTree = "<group>";
		};
		CA06B2252AB872BA00812D95 /* Knock */ = {
			isa = PBXGroup;
			children = (
				CA06B2262AB872BA00812D95 /* KnockApp.swift */,
				CA06B2342AB8756600812D95 /* Knock001.swift */,
				CA06B2362AB880B800812D95 /* Knock002.swift */,
				CA06B2382AB8853200812D95 /* Knock003.swift */,
				CA06B23A2AB9E84400812D95 /* Knock004.swift */,
				CA39F0E72AC1B896005FBB7B /* Knock005.swift */,
				CA39F0E92AC1BB34005FBB7B /* Knock006.swift */,
				CA8ACBDD2ACC47E400C8C8CD /* Knock007.swift */,
				CA8ACBDF2ACC4F1D00C8C8CD /* Knock008.swift */,
				CA8ACBE12ACEFC9A00C8C8CD /* Knock009.swift */,
				CA8ACBE32ACEFE8600C8C8CD /* Knock010.swift */,
				CA7A25262ADC205900EC23C0 /* Knock011.swift */,
				CACD354E2AE163AA00517924 /* Knock012.swift */,
				CA546C1D2AF1388200FFD271 /* Knock013.swift */,
				CA546C1F2AF1397300FFD271 /* Knock014.swift */,
				CA546C212AF13B9000FFD271 /* Knock015.swift */,
				CA546C232AF13D6A00FFD271 /* Knock016.swift */,
				CA546C252AF13EB500FFD271 /* Knock017.swift */,
				CA546C272AF13F9500FFD271 /* Knock018.swift */,
				CAC340832AF3DF580044C6DA /* Knock019.swift */,
				CAC340852AF51E3D0044C6DA /* Knock020.swift */,
				CAC340872AF521F40044C6DA /* Knock021.swift */,
				CA219EDF2AF5C32900A9C947 /* Knock022.swift */,
				CA06B22A2AB872BC00812D95 /* Assets.xcassets */,
				CA06B22C2AB872BC00812D95 /* Preview Content */,
			);
			path = Knock;
			sourceTree = "<group>";
		};
		CA06B22C2AB872BC00812D95 /* Preview Content */ = {
			isa = PBXGroup;
			children = (
				CA06B22D2AB872BC00812D95 /* Preview Assets.xcassets */,
			);
			path = "Preview Content";
			sourceTree = "<group>";
		};
/* End PBXGroup section */

/* Begin PBXNativeTarget section */
		CA06B2222AB872BA00812D95 /* Knock */ = {
			isa = PBXNativeTarget;
			buildConfigurationList = CA06B2312AB872BC00812D95 /* Build configuration list for PBXNativeTarget "Knock" */;
			buildPhases = (
				CA06B21F2AB872BA00812D95 /* Sources */,
				CA06B2202AB872BA00812D95 /* Frameworks */,
				CA06B2212AB872BA00812D95 /* Resources */,
			);
			buildRules = (
			);
			dependencies = (
			);
			name = Knock;
			productName = Knock;
			productReference = CA06B2232AB872BA00812D95 /* Knock.app */;
			productType = "com.apple.product-type.application";
		};
/* End PBXNativeTarget section */

/* Begin PBXProject section */
		CA06B21B2AB872BA00812D95 /* Project object */ = {
			isa = PBXProject;
			attributes = {
				BuildIndependentTargetsInParallel = 1;
				LastSwiftUpdateCheck = 1500;
				LastUpgradeCheck = 1500;
				TargetAttributes = {
					CA06B2222AB872BA00812D95 = {
						CreatedOnToolsVersion = 15.0;
					};
				};
			};
			buildConfigurationList = CA06B21E2AB872BA00812D95 /* Build configuration list for PBXProject "Knock" */;
			compatibilityVersion = "Xcode 14.0";
			developmentRegion = en;
			hasScannedForEncodings = 0;
			knownRegions = (
				en,
				Base,
			);
			mainGroup = CA06B21A2AB872BA00812D95;
			productRefGroup = CA06B2242AB872BA00812D95 /* Products */;
			projectDirPath = "";
			projectRoot = "";
			targets = (
				CA06B2222AB872BA00812D95 /* Knock */,
			);
		};
/* End PBXProject section */

/* Begin PBXResourcesBuildPhase section */
		CA06B2212AB872BA00812D95 /* Resources */ = {
			isa = PBXResourcesBuildPhase;
			buildActionMask = 2147483647;
			files = (
				CA06B22E2AB872BC00812D95 /* Preview Assets.xcassets in Resources */,
				CA06B22B2AB872BC00812D95 /* Assets.xcassets in Resources */,
			);
			runOnlyForDeploymentPostprocessing = 0;
		};
/* End PBXResourcesBuildPhase section */

/* Begin PBXSourcesBuildPhase section */
		CA06B21F2AB872BA00812D95 /* Sources */ = {
			isa = PBXSourcesBuildPhase;
			buildActionMask = 2147483647;
			files = (
				CA06B2392AB8853200812D95 /* Knock003.swift in Sources */,
				CA546C202AF1397300FFD271 /* Knock014.swift in Sources */,
				CA7A25272ADC205900EC23C0 /* Knock011.swift in Sources */,
				CA06B2272AB872BA00812D95 /* KnockApp.swift in Sources */,
				CA8ACBE22ACEFC9A00C8C8CD /* Knock009.swift in Sources */,
				CA546C222AF13B9000FFD271 /* Knock015.swift in Sources */,
				CA8ACBE02ACC4F1D00C8C8CD /* Knock008.swift in Sources */,
				CA06B23B2AB9E84400812D95 /* Knock004.swift in Sources */,
				CACD354F2AE163AA00517924 /* Knock012.swift in Sources */,
				CA546C242AF13D6A00FFD271 /* Knock016.swift in Sources */,
				CA06B2352AB8756600812D95 /* Knock001.swift in Sources */,
				CA39F0EA2AC1BB34005FBB7B /* Knock006.swift in Sources */,
				CA219EE02AF5C32900A9C947 /* Knock022.swift in Sources */,
				CAC340842AF3DF580044C6DA /* Knock019.swift in Sources */,
				CA546C282AF13F9500FFD271 /* Knock018.swift in Sources */,
				CAC340862AF51E3D0044C6DA /* Knock020.swift in Sources */,
				CA39F0E82AC1B896005FBB7B /* Knock005.swift in Sources */,
				CA546C262AF13EB500FFD271 /* Knock017.swift in Sources */,
				CA8ACBE42ACEFE8600C8C8CD /* Knock010.swift in Sources */,
				CAC340882AF521F40044C6DA /* Knock021.swift in Sources */,
				CA8ACBDE2ACC47E400C8C8CD /* Knock007.swift in Sources */,
				CA06B2372AB880B800812D95 /* Knock002.swift in Sources */,
				CA546C1E2AF1388200FFD271 /* Knock013.swift in Sources */,
			);
			runOnlyForDeploymentPostprocessing = 0;
		};
/* End PBXSourcesBuildPhase section */

/* Begin XCBuildConfiguration section */
		CA06B22F2AB872BC00812D95 /* Debug */ = {
			isa = XCBuildConfiguration;
			buildSettings = {
				ALWAYS_SEARCH_USER_PATHS = NO;
				ASSETCATALOG_COMPILER_GENERATE_SWIFT_ASSET_SYMBOL_EXTENSIONS = YES;
				CLANG_ANALYZER_NONNULL = YES;
				CLANG_ANALYZER_NUMBER_OBJECT_CONVERSION = YES_AGGRESSIVE;
				CLANG_CXX_LANGUAGE_STANDARD = "gnu++20";
				CLANG_ENABLE_MODULES = YES;
				CLANG_ENABLE_OBJC_ARC = YES;
				CLANG_ENABLE_OBJC_WEAK = YES;
				CLANG_WARN_BLOCK_CAPTURE_AUTORELEASING = YES;
				CLANG_WARN_BOOL_CONVERSION = YES;
				CLANG_WARN_COMMA = YES;
				CLANG_WARN_CONSTANT_CONVERSION = YES;
				CLANG_WARN_DEPRECATED_OBJC_IMPLEMENTATIONS = YES;
				CLANG_WARN_DIRECT_OBJC_ISA_USAGE = YES_ERROR;
				CLANG_WARN_DOCUMENTATION_COMMENTS = YES;
				CLANG_WARN_EMPTY_BODY = YES;
				CLANG_WARN_ENUM_CONVERSION = YES;
				CLANG_WARN_INFINITE_RECURSION = YES;
				CLANG_WARN_INT_CONVERSION = YES;
				CLANG_WARN_NON_LITERAL_NULL_CONVERSION = YES;
				CLANG_WARN_OBJC_IMPLICIT_RETAIN_SELF = YES;
				CLANG_WARN_OBJC_LITERAL_CONVERSION = YES;
				CLANG_WARN_OBJC_ROOT_CLASS = YES_ERROR;
				CLANG_WARN_QUOTED_INCLUDE_IN_FRAMEWORK_HEADER = YES;
				CLANG_WARN_RANGE_LOOP_ANALYSIS = YES;
				CLANG_WARN_STRICT_PROTOTYPES = YES;
				CLANG_WARN_SUSPICIOUS_MOVE = YES;
				CLANG_WARN_UNGUARDED_AVAILABILITY = YES_AGGRESSIVE;
				CLANG_WARN_UNREACHABLE_CODE = YES;
				CLANG_WARN__DUPLICATE_METHOD_MATCH = YES;
				COPY_PHASE_STRIP = NO;
				DEBUG_INFORMATION_FORMAT = dwarf;
				ENABLE_STRICT_OBJC_MSGSEND = YES;
				ENABLE_TESTABILITY = YES;
				ENABLE_USER_SCRIPT_SANDBOXING = YES;
				GCC_C_LANGUAGE_STANDARD = gnu17;
				GCC_DYNAMIC_NO_PIC = NO;
				GCC_NO_COMMON_BLOCKS = YES;
				GCC_OPTIMIZATION_LEVEL = 0;
				GCC_PREPROCESSOR_DEFINITIONS = (
					"DEBUG=1",
					"$(inherited)",
				);
				GCC_WARN_64_TO_32_BIT_CONVERSION = YES;
				GCC_WARN_ABOUT_RETURN_TYPE = YES_ERROR;
				GCC_WARN_UNDECLARED_SELECTOR = YES;
				GCC_WARN_UNINITIALIZED_AUTOS = YES_AGGRESSIVE;
				GCC_WARN_UNUSED_FUNCTION = YES;
				GCC_WARN_UNUSED_VARIABLE = YES;
				IPHONEOS_DEPLOYMENT_TARGET = 17.0;
				LOCALIZATION_PREFERS_STRING_CATALOGS = YES;
				MTL_ENABLE_DEBUG_INFO = INCLUDE_SOURCE;
				MTL_FAST_MATH = YES;
				ONLY_ACTIVE_ARCH = YES;
				SDKROOT = iphoneos;
				SWIFT_ACTIVE_COMPILATION_CONDITIONS = "DEBUG $(inherited)";
				SWIFT_OPTIMIZATION_LEVEL = "-Onone";
			};
			name = Debug;
		};
		CA06B2302AB872BC00812D95 /* Release */ = {
			isa = XCBuildConfiguration;
			buildSettings = {
				ALWAYS_SEARCH_USER_PATHS = NO;
				ASSETCATALOG_COMPILER_GENERATE_SWIFT_ASSET_SYMBOL_EXTENSIONS = YES;
				CLANG_ANALYZER_NONNULL = YES;
				CLANG_ANALYZER_NUMBER_OBJECT_CONVERSION = YES_AGGRESSIVE;
				CLANG_CXX_LANGUAGE_STANDARD = "gnu++20";
				CLANG_ENABLE_MODULES = YES;
				CLANG_ENABLE_OBJC_ARC = YES;
				CLANG_ENABLE_OBJC_WEAK = YES;
				CLANG_WARN_BLOCK_CAPTURE_AUTORELEASING = YES;
				CLANG_WARN_BOOL_CONVERSION = YES;
				CLANG_WARN_COMMA = YES;
				CLANG_WARN_CONSTANT_CONVERSION = YES;
				CLANG_WARN_DEPRECATED_OBJC_IMPLEMENTATIONS = YES;
				CLANG_WARN_DIRECT_OBJC_ISA_USAGE = YES_ERROR;
				CLANG_WARN_DOCUMENTATION_COMMENTS = YES;
				CLANG_WARN_EMPTY_BODY = YES;
				CLANG_WARN_ENUM_CONVERSION = YES;
				CLANG_WARN_INFINITE_RECURSION = YES;
				CLANG_WARN_INT_CONVERSION = YES;
				CLANG_WARN_NON_LITERAL_NULL_CONVERSION = YES;
				CLANG_WARN_OBJC_IMPLICIT_RETAIN_SELF = YES;
				CLANG_WARN_OBJC_LITERAL_CONVERSION = YES;
				CLANG_WARN_OBJC_ROOT_CLASS = YES_ERROR;
				CLANG_WARN_QUOTED_INCLUDE_IN_FRAMEWORK_HEADER = YES;
				CLANG_WARN_RANGE_LOOP_ANALYSIS = YES;
				CLANG_WARN_STRICT_PROTOTYPES = YES;
				CLANG_WARN_SUSPICIOUS_MOVE = YES;
				CLANG_WARN_UNGUARDED_AVAILABILITY = YES_AGGRESSIVE;
				CLANG_WARN_UNREACHABLE_CODE = YES;
				CLANG_WARN__DUPLICATE_METHOD_MATCH = YES;
				COPY_PHASE_STRIP = NO;
				DEBUG_INFORMATION_FORMAT = "dwarf-with-dsym";
				ENABLE_NS_ASSERTIONS = NO;
				ENABLE_STRICT_OBJC_MSGSEND = YES;
				ENABLE_USER_SCRIPT_SANDBOXING = YES;
				GCC_C_LANGUAGE_STANDARD = gnu17;
				GCC_NO_COMMON_BLOCKS = YES;
				GCC_WARN_64_TO_32_BIT_CONVERSION = YES;
				GCC_WARN_ABOUT_RETURN_TYPE = YES_ERROR;
				GCC_WARN_UNDECLARED_SELECTOR = YES;
				GCC_WARN_UNINITIALIZED_AUTOS = YES_AGGRESSIVE;
				GCC_WARN_UNUSED_FUNCTION = YES;
				GCC_WARN_UNUSED_VARIABLE = YES;
				IPHONEOS_DEPLOYMENT_TARGET = 17.0;
				LOCALIZATION_PREFERS_STRING_CATALOGS = YES;
				MTL_ENABLE_DEBUG_INFO = NO;
				MTL_FAST_MATH = YES;
				SDKROOT = iphoneos;
				SWIFT_COMPILATION_MODE = wholemodule;
				VALIDATE_PRODUCT = YES;
			};
			name = Release;
		};
		CA06B2322AB872BC00812D95 /* Debug */ = {
			isa = XCBuildConfiguration;
			buildSettings = {
				ASSETCATALOG_COMPILER_APPICON_NAME = AppIcon;
				ASSETCATALOG_COMPILER_GLOBAL_ACCENT_COLOR_NAME = AccentColor;
				CODE_SIGN_STYLE = Automatic;
				CURRENT_PROJECT_VERSION = 1;
				DEVELOPMENT_ASSET_PATHS = "\"Knock/Preview Content\"";
				ENABLE_PREVIEWS = YES;
				GENERATE_INFOPLIST_FILE = YES;
				INFOPLIST_KEY_UIApplicationSceneManifest_Generation = YES;
				INFOPLIST_KEY_UIApplicationSupportsIndirectInputEvents = YES;
				INFOPLIST_KEY_UILaunchScreen_Generation = YES;
				INFOPLIST_KEY_UISupportedInterfaceOrientations_iPad = "UIInterfaceOrientationPortrait UIInterfaceOrientationPortraitUpsideDown UIInterfaceOrientationLandscapeLeft UIInterfaceOrientationLandscapeRight";
				INFOPLIST_KEY_UISupportedInterfaceOrientations_iPhone = "UIInterfaceOrientationPortrait UIInterfaceOrientationLandscapeLeft UIInterfaceOrientationLandscapeRight";
				LD_RUNPATH_SEARCH_PATHS = (
					"$(inherited)",
					"@executable_path/Frameworks",
				);
				MARKETING_VERSION = 1.0;
				PRODUCT_BUNDLE_IDENTIFIER = jp.kaleidot725.Knock;
				PRODUCT_NAME = "$(TARGET_NAME)";
				SWIFT_EMIT_LOC_STRINGS = YES;
				SWIFT_VERSION = 5.0;
				TARGETED_DEVICE_FAMILY = "1,2";
			};
			name = Debug;
		};
		CA06B2332AB872BC00812D95 /* Release */ = {
			isa = XCBuildConfiguration;
			buildSettings = {
				ASSETCATALOG_COMPILER_APPICON_NAME = AppIcon;
				ASSETCATALOG_COMPILER_GLOBAL_ACCENT_COLOR_NAME = AccentColor;
				CODE_SIGN_STYLE = Automatic;
				CURRENT_PROJECT_VERSION = 1;
				DEVELOPMENT_ASSET_PATHS = "\"Knock/Preview Content\"";
				ENABLE_PREVIEWS = YES;
				GENERATE_INFOPLIST_FILE = YES;
				INFOPLIST_KEY_UIApplicationSceneManifest_Generation = YES;
				INFOPLIST_KEY_UIApplicationSupportsIndirectInputEvents = YES;
				INFOPLIST_KEY_UILaunchScreen_Generation = YES;
				INFOPLIST_KEY_UISupportedInterfaceOrientations_iPad = "UIInterfaceOrientationPortrait UIInterfaceOrientationPortraitUpsideDown UIInterfaceOrientationLandscapeLeft UIInterfaceOrientationLandscapeRight";
				INFOPLIST_KEY_UISupportedInterfaceOrientations_iPhone = "UIInterfaceOrientationPortrait UIInterfaceOrientationLandscapeLeft UIInterfaceOrientationLandscapeRight";
				LD_RUNPATH_SEARCH_PATHS = (
					"$(inherited)",
					"@executable_path/Frameworks",
				);
				MARKETING_VERSION = 1.0;
				PRODUCT_BUNDLE_IDENTIFIER = jp.kaleidot725.Knock;
				PRODUCT_NAME = "$(TARGET_NAME)";
				SWIFT_EMIT_LOC_STRINGS = YES;
				SWIFT_VERSION = 5.0;
				TARGETED_DEVICE_FAMILY = "1,2";
			};
			name = Release;
		};
/* End XCBuildConfiguration section */

/* Begin XCConfigurationList section */
		CA06B21E2AB872BA00812D95 /* Build configuration list for PBXProject "Knock" */ = {
			isa = XCConfigurationList;
			buildConfigurations = (
				CA06B22F2AB872BC00812D95 /* Debug */,
				CA06B2302AB872BC00812D95 /* Release */,
			);
			defaultConfigurationIsVisible = 0;
			defaultConfigurationName = Release;
		};
		CA06B2312AB872BC00812D95 /* Build configuration list for PBXNativeTarget "Knock" */ = {
			isa = XCConfigurationList;
			buildConfigurations = (
				CA06B2322AB872BC00812D95 /* Debug */,
				CA06B2332AB872BC00812D95 /* Release */,
			);
			defaultConfigurationIsVisible = 0;
			defaultConfigurationName = Release;
		};
/* End XCConfigurationList section */
	};
	rootObject = CA06B21B2AB872BA00812D95 /* Project object */;
}
